// !$*UTF8*$!
{
	archiveVersion = 1;
	classes = {
	};
	objectVersion = 50;
	objects = {

/* Begin PBXBuildFile section */
		5579ECC821B53947000AA4BD /* ScannerChekinIOS.h in Headers */ = {isa = PBXBuildFile; fileRef = 5579ECC621B53947000AA4BD /* ScannerChekinIOS.h */; settings = {ATTRIBUTES = (Public, ); }; };
		5579ECD421B53EEE000AA4BD /* MRZTD3.swift in Sources */ = {isa = PBXBuildFile; fileRef = 5579ECCE21B53EEE000AA4BD /* MRZTD3.swift */; };
		5579ECD521B53EEE000AA4BD /* MRZTD1.swift in Sources */ = {isa = PBXBuildFile; fileRef = 5579ECCF21B53EEE000AA4BD /* MRZTD1.swift */; };
		5579ECD621B53EEE000AA4BD /* PassportScannerController.swift in Sources */ = {isa = PBXBuildFile; fileRef = 5579ECD021B53EEE000AA4BD /* PassportScannerController.swift */; };
		5579ECD821B53EEE000AA4BD /* MRZParser.swift in Sources */ = {isa = PBXBuildFile; fileRef = 5579ECD221B53EEE000AA4BD /* MRZParser.swift */; };
		5579ECD921B53EEE000AA4BD /* MRZTD2.swift in Sources */ = {isa = PBXBuildFile; fileRef = 5579ECD321B53EEE000AA4BD /* MRZTD2.swift */; };
		89787756F9AD310BCE0DDCA7 /* Pods_ScannerChekinIOS.framework in Frameworks */ = {isa = PBXBuildFile; fileRef = 551AADE616EACE0DAF085591 /* Pods_ScannerChekinIOS.framework */; };
/* End PBXBuildFile section */

/* Begin PBXCopyFilesBuildPhase section */
		5579ECF921B55611000AA4BD /* CopyFiles */ = {
			isa = PBXCopyFilesBuildPhase;
			buildActionMask = 2147483647;
			dstPath = "";
			dstSubfolderSpec = 10;
			files = (
			);
			runOnlyForDeploymentPostprocessing = 0;
		};
/* End PBXCopyFilesBuildPhase section */

/* Begin PBXFileReference section */
		551AADE616EACE0DAF085591 /* Pods_ScannerChekinIOS.framework */ = {isa = PBXFileReference; explicitFileType = wrapper.framework; includeInIndex = 0; path = Pods_ScannerChekinIOS.framework; sourceTree = BUILT_PRODUCTS_DIR; };
		5579ECC321B53947000AA4BD /* ScannerChekinIOS.framework */ = {isa = PBXFileReference; explicitFileType = wrapper.framework; includeInIndex = 0; path = ScannerChekinIOS.framework; sourceTree = BUILT_PRODUCTS_DIR; };
		5579ECC621B53947000AA4BD /* ScannerChekinIOS.h */ = {isa = PBXFileReference; lastKnownFileType = sourcecode.c.h; path = ScannerChekinIOS.h; sourceTree = "<group>"; };
		5579ECC721B53947000AA4BD /* Info.plist */ = {isa = PBXFileReference; lastKnownFileType = text.plist.xml; path = Info.plist; sourceTree = "<group>"; };
		5579ECCE21B53EEE000AA4BD /* MRZTD3.swift */ = {isa = PBXFileReference; fileEncoding = 4; lastKnownFileType = sourcecode.swift; path = MRZTD3.swift; sourceTree = "<group>"; };
		5579ECCF21B53EEE000AA4BD /* MRZTD1.swift */ = {isa = PBXFileReference; fileEncoding = 4; lastKnownFileType = sourcecode.swift; path = MRZTD1.swift; sourceTree = "<group>"; };
		5579ECD021B53EEE000AA4BD /* PassportScannerController.swift */ = {isa = PBXFileReference; fileEncoding = 4; lastKnownFileType = sourcecode.swift; path = PassportScannerController.swift; sourceTree = "<group>"; };
		5579ECD221B53EEE000AA4BD /* MRZParser.swift */ = {isa = PBXFileReference; fileEncoding = 4; lastKnownFileType = sourcecode.swift; path = MRZParser.swift; sourceTree = "<group>"; };
		5579ECD321B53EEE000AA4BD /* MRZTD2.swift */ = {isa = PBXFileReference; fileEncoding = 4; lastKnownFileType = sourcecode.swift; path = MRZTD2.swift; sourceTree = "<group>"; };
		72D3675A0BA9EED2E2E0D537 /* Pods-ScannerChekinIOS.release.xcconfig */ = {isa = PBXFileReference; includeInIndex = 1; lastKnownFileType = text.xcconfig; name = "Pods-ScannerChekinIOS.release.xcconfig"; path = "Pods/Target Support Files/Pods-ScannerChekinIOS/Pods-ScannerChekinIOS.release.xcconfig"; sourceTree = "<group>"; };
		D576D3A775B24B23C81585D3 /* Pods-ScannerChekinIOS.debug.xcconfig */ = {isa = PBXFileReference; includeInIndex = 1; lastKnownFileType = text.xcconfig; name = "Pods-ScannerChekinIOS.debug.xcconfig"; path = "Pods/Target Support Files/Pods-ScannerChekinIOS/Pods-ScannerChekinIOS.debug.xcconfig"; sourceTree = "<group>"; };
/* End PBXFileReference section */

/* Begin PBXFrameworksBuildPhase section */
		5579ECC021B53947000AA4BD /* Frameworks */ = {
			isa = PBXFrameworksBuildPhase;
			buildActionMask = 2147483647;
			files = (
				89787756F9AD310BCE0DDCA7 /* Pods_ScannerChekinIOS.framework in Frameworks */,
			);
			runOnlyForDeploymentPostprocessing = 0;
		};
/* End PBXFrameworksBuildPhase section */

/* Begin PBXGroup section */
		5579ECB921B53947000AA4BD = {
			isa = PBXGroup;
			children = (
				5579ECC521B53947000AA4BD /* ScannerChekinIOS */,
				5579ECC421B53947000AA4BD /* Products */,
				5579ECE621B55338000AA4BD /* Frameworks */,
				F37A034C9A89B52C33C8E917 /* Pods */,
			);
			sourceTree = "<group>";
		};
		5579ECC421B53947000AA4BD /* Products */ = {
			isa = PBXGroup;
			children = (
				5579ECC321B53947000AA4BD /* ScannerChekinIOS.framework */,
			);
			name = Products;
			sourceTree = "<group>";
		};
		5579ECC521B53947000AA4BD /* ScannerChekinIOS */ = {
			isa = PBXGroup;
			children = (
				5579ECD221B53EEE000AA4BD /* MRZParser.swift */,
				5579ECCF21B53EEE000AA4BD /* MRZTD1.swift */,
				5579ECD321B53EEE000AA4BD /* MRZTD2.swift */,
				5579ECCE21B53EEE000AA4BD /* MRZTD3.swift */,
				5579ECD021B53EEE000AA4BD /* PassportScannerController.swift */,
				5579ECC621B53947000AA4BD /* ScannerChekinIOS.h */,
				5579ECC721B53947000AA4BD /* Info.plist */,
			);
			path = ScannerChekinIOS;
			sourceTree = "<group>";
		};
		5579ECE621B55338000AA4BD /* Frameworks */ = {
			isa = PBXGroup;
			children = (
				551AADE616EACE0DAF085591 /* Pods_ScannerChekinIOS.framework */,
			);
			name = Frameworks;
			sourceTree = "<group>";
		};
		F37A034C9A89B52C33C8E917 /* Pods */ = {
			isa = PBXGroup;
			children = (
				D576D3A775B24B23C81585D3 /* Pods-ScannerChekinIOS.debug.xcconfig */,
				72D3675A0BA9EED2E2E0D537 /* Pods-ScannerChekinIOS.release.xcconfig */,
			);
			name = Pods;
			sourceTree = "<group>";
		};
/* End PBXGroup section */

/* Begin PBXHeadersBuildPhase section */
		5579ECBE21B53947000AA4BD /* Headers */ = {
			isa = PBXHeadersBuildPhase;
			buildActionMask = 2147483647;
			files = (
				5579ECC821B53947000AA4BD /* ScannerChekinIOS.h in Headers */,
			);
			runOnlyForDeploymentPostprocessing = 0;
		};
/* End PBXHeadersBuildPhase section */

/* Begin PBXNativeTarget section */
		5579ECC221B53947000AA4BD /* ScannerChekinIOS */ = {
			isa = PBXNativeTarget;
			buildConfigurationList = 5579ECCB21B53947000AA4BD /* Build configuration list for PBXNativeTarget "ScannerChekinIOS" */;
			buildPhases = (
				A6193556BA5B2359A9186151 /* [CP] Check Pods Manifest.lock */,
				5579ECBE21B53947000AA4BD /* Headers */,
				5579ECBF21B53947000AA4BD /* Sources */,
				5579ECC021B53947000AA4BD /* Frameworks */,
				5579ECC121B53947000AA4BD /* Resources */,
				5579ECF921B55611000AA4BD /* CopyFiles */,
			);
			buildRules = (
			);
			dependencies = (
			);
			name = ScannerChekinIOS;
			productName = ScannerChekinIOS;
			productReference = 5579ECC321B53947000AA4BD /* ScannerChekinIOS.framework */;
			productType = "com.apple.product-type.framework";
		};
/* End PBXNativeTarget section */

/* Begin PBXProject section */
		5579ECBA21B53947000AA4BD /* Project object */ = {
			isa = PBXProject;
			attributes = {
				LastUpgradeCheck = 1010;
				ORGANIZATIONNAME = "Alejandro Ruiz Ponce";
				TargetAttributes = {
					5579ECC221B53947000AA4BD = {
						CreatedOnToolsVersion = 10.1;
						LastSwiftMigration = 1010;
					};
				};
			};
			buildConfigurationList = 5579ECBD21B53947000AA4BD /* Build configuration list for PBXProject "ScannerChekinIOS" */;
			compatibilityVersion = "Xcode 9.3";
			developmentRegion = en;
			hasScannedForEncodings = 0;
			knownRegions = (
				en,
			);
			mainGroup = 5579ECB921B53947000AA4BD;
			productRefGroup = 5579ECC421B53947000AA4BD /* Products */;
			projectDirPath = "";
			projectRoot = "";
			targets = (
				5579ECC221B53947000AA4BD /* ScannerChekinIOS */,
			);
		};
/* End PBXProject section */

/* Begin PBXResourcesBuildPhase section */
		5579ECC121B53947000AA4BD /* Resources */ = {
			isa = PBXResourcesBuildPhase;
			buildActionMask = 2147483647;
			files = (
			);
			runOnlyForDeploymentPostprocessing = 0;
		};
/* End PBXResourcesBuildPhase section */

/* Begin PBXShellScriptBuildPhase section */
		A6193556BA5B2359A9186151 /* [CP] Check Pods Manifest.lock */ = {
			isa = PBXShellScriptBuildPhase;
			buildActionMask = 2147483647;
			files = (
			);
			inputPaths = (
				"${PODS_PODFILE_DIR_PATH}/Podfile.lock",
				"${PODS_ROOT}/Manifest.lock",
			);
			name = "[CP] Check Pods Manifest.lock";
			outputPaths = (
				"$(DERIVED_FILE_DIR)/Pods-ScannerChekinIOS-checkManifestLockResult.txt",
			);
			runOnlyForDeploymentPostprocessing = 0;
			shellPath = /bin/sh;
			shellScript = "diff \"${PODS_PODFILE_DIR_PATH}/Podfile.lock\" \"${PODS_ROOT}/Manifest.lock\" > /dev/null\nif [ $? != 0 ] ; then\n    # print error to STDERR\n    echo \"error: The sandbox is not in sync with the Podfile.lock. Run 'pod install' or update your CocoaPods installation.\" >&2\n    exit 1\nfi\n# This output is used by Xcode 'outputs' to avoid re-running this script phase.\necho \"SUCCESS\" > \"${SCRIPT_OUTPUT_FILE_0}\"\n";
			showEnvVarsInLog = 0;
		};
/* End PBXShellScriptBuildPhase section */

/* Begin PBXSourcesBuildPhase section */
		5579ECBF21B53947000AA4BD /* Sources */ = {
			isa = PBXSourcesBuildPhase;
			buildActionMask = 2147483647;
			files = (
				5579ECD421B53EEE000AA4BD /* MRZTD3.swift in Sources */,
				5579ECD821B53EEE000AA4BD /* MRZParser.swift in Sources */,
				5579ECD521B53EEE000AA4BD /* MRZTD1.swift in Sources */,
				5579ECD621B53EEE000AA4BD /* PassportScannerController.swift in Sources */,
				5579ECD921B53EEE000AA4BD /* MRZTD2.swift in Sources */,
			);
			runOnlyForDeploymentPostprocessing = 0;
		};
/* End PBXSourcesBuildPhase section */

/* Begin XCBuildConfiguration section */
		5579ECC921B53947000AA4BD /* Debug */ = {
			isa = XCBuildConfiguration;
			buildSettings = {
				ALWAYS_SEARCH_USER_PATHS = NO;
				CLANG_ANALYZER_NONNULL = YES;
				CLANG_ANALYZER_NUMBER_OBJECT_CONVERSION = YES_AGGRESSIVE;
				CLANG_CXX_LANGUAGE_STANDARD = "gnu++14";
				CLANG_CXX_LIBRARY = "libc++";
				CLANG_ENABLE_MODULES = YES;
				CLANG_ENABLE_OBJC_ARC = YES;
				CLANG_ENABLE_OBJC_WEAK = YES;
				CLANG_WARN_BLOCK_CAPTURE_AUTORELEASING = YES;
				CLANG_WARN_BOOL_CONVERSION = YES;
				CLANG_WARN_COMMA = YES;
				CLANG_WARN_CONSTANT_CONVERSION = YES;
				CLANG_WARN_DEPRECATED_OBJC_IMPLEMENTATIONS = YES;
				CLANG_WARN_DIRECT_OBJC_ISA_USAGE = YES_ERROR;
				CLANG_WARN_DOCUMENTATION_COMMENTS = YES;
				CLANG_WARN_EMPTY_BODY = YES;
				CLANG_WARN_ENUM_CONVERSION = YES;
				CLANG_WARN_INFINITE_RECURSION = YES;
				CLANG_WARN_INT_CONVERSION = YES;
				CLANG_WARN_NON_LITERAL_NULL_CONVERSION = YES;
				CLANG_WARN_OBJC_IMPLICIT_RETAIN_SELF = YES;
				CLANG_WARN_OBJC_LITERAL_CONVERSION = YES;
				CLANG_WARN_OBJC_ROOT_CLASS = YES_ERROR;
				CLANG_WARN_RANGE_LOOP_ANALYSIS = YES;
				CLANG_WARN_STRICT_PROTOTYPES = YES;
				CLANG_WARN_SUSPICIOUS_MOVE = YES;
				CLANG_WARN_UNGUARDED_AVAILABILITY = YES_AGGRESSIVE;
				CLANG_WARN_UNREACHABLE_CODE = YES;
				CLANG_WARN__DUPLICATE_METHOD_MATCH = YES;
				CODE_SIGN_IDENTITY = "iPhone Developer";
				COPY_PHASE_STRIP = NO;
				CURRENT_PROJECT_VERSION = 1;
				DEBUG_INFORMATION_FORMAT = dwarf;
				ENABLE_STRICT_OBJC_MSGSEND = YES;
				ENABLE_TESTABILITY = YES;
				GCC_C_LANGUAGE_STANDARD = gnu11;
				GCC_DYNAMIC_NO_PIC = NO;
				GCC_NO_COMMON_BLOCKS = YES;
				GCC_OPTIMIZATION_LEVEL = 0;
				GCC_PREPROCESSOR_DEFINITIONS = (
					"DEBUG=1",
					"$(inherited)",
				);
				GCC_WARN_64_TO_32_BIT_CONVERSION = YES;
				GCC_WARN_ABOUT_RETURN_TYPE = YES_ERROR;
				GCC_WARN_UNDECLARED_SELECTOR = YES;
				GCC_WARN_UNINITIALIZED_AUTOS = YES_AGGRESSIVE;
				GCC_WARN_UNUSED_FUNCTION = YES;
				GCC_WARN_UNUSED_VARIABLE = YES;
				IPHONEOS_DEPLOYMENT_TARGET = 12.1;
				MTL_ENABLE_DEBUG_INFO = INCLUDE_SOURCE;
				MTL_FAST_MATH = YES;
				ONLY_ACTIVE_ARCH = YES;
				SDKROOT = iphoneos;
				SWIFT_ACTIVE_COMPILATION_CONDITIONS = DEBUG;
				SWIFT_OPTIMIZATION_LEVEL = "-Onone";
				VERSIONING_SYSTEM = "apple-generic";
				VERSION_INFO_PREFIX = "";
			};
			name = Debug;
		};
		5579ECCA21B53947000AA4BD /* Release */ = {
			isa = XCBuildConfiguration;
			buildSettings = {
				ALWAYS_SEARCH_USER_PATHS = NO;
				CLANG_ANALYZER_NONNULL = YES;
				CLANG_ANALYZER_NUMBER_OBJECT_CONVERSION = YES_AGGRESSIVE;
				CLANG_CXX_LANGUAGE_STANDARD = "gnu++14";
				CLANG_CXX_LIBRARY = "libc++";
				CLANG_ENABLE_MODULES = YES;
				CLANG_ENABLE_OBJC_ARC = YES;
				CLANG_ENABLE_OBJC_WEAK = YES;
				CLANG_WARN_BLOCK_CAPTURE_AUTORELEASING = YES;
				CLANG_WARN_BOOL_CONVERSION = YES;
				CLANG_WARN_COMMA = YES;
				CLANG_WARN_CONSTANT_CONVERSION = YES;
				CLANG_WARN_DEPRECATED_OBJC_IMPLEMENTATIONS = YES;
				CLANG_WARN_DIRECT_OBJC_ISA_USAGE = YES_ERROR;
				CLANG_WARN_DOCUMENTATION_COMMENTS = YES;
				CLANG_WARN_EMPTY_BODY = YES;
				CLANG_WARN_ENUM_CONVERSION = YES;
				CLANG_WARN_INFINITE_RECURSION = YES;
				CLANG_WARN_INT_CONVERSION = YES;
				CLANG_WARN_NON_LITERAL_NULL_CONVERSION = YES;
				CLANG_WARN_OBJC_IMPLICIT_RETAIN_SELF = YES;
				CLANG_WARN_OBJC_LITERAL_CONVERSION = YES;
				CLANG_WARN_OBJC_ROOT_CLASS = YES_ERROR;
				CLANG_WARN_RANGE_LOOP_ANALYSIS = YES;
				CLANG_WARN_STRICT_PROTOTYPES = YES;
				CLANG_WARN_SUSPICIOUS_MOVE = YES;
				CLANG_WARN_UNGUARDED_AVAILABILITY = YES_AGGRESSIVE;
				CLANG_WARN_UNREACHABLE_CODE = YES;
				CLANG_WARN__DUPLICATE_METHOD_MATCH = YES;
				CODE_SIGN_IDENTITY = "iPhone Developer";
				COPY_PHASE_STRIP = NO;
				CURRENT_PROJECT_VERSION = 1;
				DEBUG_INFORMATION_FORMAT = "dwarf-with-dsym";
				ENABLE_NS_ASSERTIONS = NO;
				ENABLE_STRICT_OBJC_MSGSEND = YES;
				GCC_C_LANGUAGE_STANDARD = gnu11;
				GCC_NO_COMMON_BLOCKS = YES;
				GCC_WARN_64_TO_32_BIT_CONVERSION = YES;
				GCC_WARN_ABOUT_RETURN_TYPE = YES_ERROR;
				GCC_WARN_UNDECLARED_SELECTOR = YES;
				GCC_WARN_UNINITIALIZED_AUTOS = YES_AGGRESSIVE;
				GCC_WARN_UNUSED_FUNCTION = YES;
				GCC_WARN_UNUSED_VARIABLE = YES;
				IPHONEOS_DEPLOYMENT_TARGET = 12.1;
				MTL_ENABLE_DEBUG_INFO = NO;
				MTL_FAST_MATH = YES;
				SDKROOT = iphoneos;
				SWIFT_COMPILATION_MODE = wholemodule;
				SWIFT_OPTIMIZATION_LEVEL = "-O";
				VALIDATE_PRODUCT = YES;
				VERSIONING_SYSTEM = "apple-generic";
				VERSION_INFO_PREFIX = "";
			};
			name = Release;
		};
		5579ECCC21B53947000AA4BD /* Debug */ = {
			isa = XCBuildConfiguration;
			baseConfigurationReference = D576D3A775B24B23C81585D3 /* Pods-ScannerChekinIOS.debug.xcconfig */;
			buildSettings = {
				CLANG_ENABLE_MODULES = YES;
				CODE_SIGN_IDENTITY = "";
				CODE_SIGN_STYLE = Automatic;
				DEFINES_MODULE = YES;
				DEVELOPMENT_TEAM = 64N9BLXXNA;
				DYLIB_COMPATIBILITY_VERSION = 1;
				DYLIB_CURRENT_VERSION = 1;
				DYLIB_INSTALL_NAME_BASE = "@rpath";
				INFOPLIST_FILE = ScannerChekinIOS/Info.plist;
				INSTALL_PATH = "$(LOCAL_LIBRARY_DIR)/Frameworks";
				LD_RUNPATH_SEARCH_PATHS = (
					"$(inherited)",
					"@executable_path/Frameworks",
					"@loader_path/Frameworks",
				);
				PRODUCT_BUNDLE_IDENTIFIER = com.alejandroruizponce.ScannerChekinIOS;
				PRODUCT_NAME = "$(TARGET_NAME:c99extidentifier)";
				SKIP_INSTALL = YES;
				SWIFT_OPTIMIZATION_LEVEL = "-Onone";
				SWIFT_VERSION = 4.2;
				TARGETED_DEVICE_FAMILY = "1,2";
			};
			name = Debug;
		};
		5579ECCD21B53947000AA4BD /* Release */ = {
			isa = XCBuildConfiguration;
			baseConfigurationReference = 72D3675A0BA9EED2E2E0D537 /* Pods-ScannerChekinIOS.release.xcconfig */;
			buildSettings = {
				CLANG_ENABLE_MODULES = YES;
				CODE_SIGN_IDENTITY = "";
				CODE_SIGN_STYLE = Automatic;
				DEFINES_MODULE = YES;
				DEVELOPMENT_TEAM = 64N9BLXXNA;
				DYLIB_COMPATIBILITY_VERSION = 1;
				DYLIB_CURRENT_VERSION = 1;
				DYLIB_INSTALL_NAME_BASE = "@rpath";
				INFOPLIST_FILE = ScannerChekinIOS/Info.plist;
				INSTALL_PATH = "$(LOCAL_LIBRARY_DIR)/Frameworks";
				LD_RUNPATH_SEARCH_PATHS = (
					"$(inherited)",
					"@executable_path/Frameworks",
					"@loader_path/Frameworks",
				);
				PRODUCT_BUNDLE_IDENTIFIER = com.alejandroruizponce.ScannerChekinIOS;
				PRODUCT_NAME = "$(TARGET_NAME:c99extidentifier)";
				SKIP_INSTALL = YES;
				SWIFT_VERSION = 4.2;
				TARGETED_DEVICE_FAMILY = "1,2";
			};
			name = Release;
		};
/* End XCBuildConfiguration section */

/* Begin XCConfigurationList section */
		5579ECBD21B53947000AA4BD /* Build configuration list for PBXProject "ScannerChekinIOS" */ = {
			isa = XCConfigurationList;
			buildConfigurations = (
				5579ECC921B53947000AA4BD /* Debug */,
				5579ECCA21B53947000AA4BD /* Release */,
			);
			defaultConfigurationIsVisible = 0;
			defaultConfigurationName = Release;
		};
		5579ECCB21B53947000AA4BD /* Build configuration list for PBXNativeTarget "ScannerChekinIOS" */ = {
			isa = XCConfigurationList;
			buildConfigurations = (
				5579ECCC21B53947000AA4BD /* Debug */,
				5579ECCD21B53947000AA4BD /* Release */,
			);
			defaultConfigurationIsVisible = 0;
			defaultConfigurationName = Release;
		};
/* End XCConfigurationList section */
	};
	rootObject = 5579ECBA21B53947000AA4BD /* Project object */;
}
